
Microsoft Visual Studio Solution File, Format Version 12.00
# Visual Studio 15
VisualStudioVersion = 15.0.28307.2017
MinimumVisualStudioVersion = 10.0.40219.1
Project("{FAE04EC0-301F-11D3-BF4B-00C04F79EFBC}") = "Lab session 3", "Lab session 3\Lab session 3.csproj", "{EF657003-77C5-464A-9173-EA49BCABA141}"
EndProject
Global
	GlobalSection(SolutionConfigurationPlatforms) = preSolution
		Debug|Any CPU = Debug|Any CPU
		Release|Any CPU = Release|Any CPU
	EndGlobalSection
	GlobalSection(ProjectConfigurationPlatforms) = postSolution
		{EF657003-77C5-464A-9173-EA49BCABA141}.Debug|Any CPU.ActiveCfg = Debug|Any CPU
		{EF657003-77C5-464A-9173-EA49BCABA141}.Debug|Any CPU.Build.0 = Debug|Any CPU
		{EF657003-77C5-464A-9173-EA49BCABA141}.Release|Any CPU.ActiveCfg = Release|Any CPU
		{EF657003-77C5-464A-9173-EA49BCABA141}.Release|Any CPU.Build.0 = Release|Any CPU
	EndGlobalSection
	GlobalSection(SolutionProperties) = preSolution
		HideSolutionNode = FALSE
	EndGlobalSection
	GlobalSection(ExtensibilityGlobals) = postSolution
		SolutionGuid = {4193D4D5-AC26-480B-9757-F09BD6AA3B81}
	EndGlobalSection
EndGlobal
